
Microsoft Visual Studio Solution File, Format Version 12.00
# Visual Studio 2012
Project("{FAE04EC0-301F-11D3-BF4B-00C04F79EFBC}") = "SignRiderWinForm", "SignRiderOldUi\SignRiderWinForm.csproj", "{DE4A7CFC-51AA-4B98-9380-D04CA888A794}"
EndProject
Project("{FAE04EC0-301F-11D3-BF4B-00C04F79EFBC}") = "Signrider", "Signrider\Signrider.csproj", "{D5DCDC65-5FF3-4CB8-ADAB-62A17E13A665}"
EndProject
Project("{2150E333-8FDC-42A3-9474-1A3956D46DE8}") = ".nuget", ".nuget", "{1AE770CC-1409-4C9D-AAF0-19DCC6DBD7C8}"
	ProjectSection(SolutionItems) = preProject
		.nuget\NuGet.Config = .nuget\NuGet.Config
		.nuget\NuGet.exe = .nuget\NuGet.exe
		.nuget\NuGet.targets = .nuget\NuGet.targets
	EndProjectSection
EndProject
Global
	GlobalSection(SolutionConfigurationPlatforms) = preSolution
		Debug|Any CPU = Debug|Any CPU
		Release|Any CPU = Release|Any CPU
	EndGlobalSection
	GlobalSection(ProjectConfigurationPlatforms) = postSolution
		{DE4A7CFC-51AA-4B98-9380-D04CA888A794}.Debug|Any CPU.ActiveCfg = Debug|Any CPU
		{DE4A7CFC-51AA-4B98-9380-D04CA888A794}.Debug|Any CPU.Build.0 = Debug|Any CPU
		{DE4A7CFC-51AA-4B98-9380-D04CA888A794}.Release|Any CPU.ActiveCfg = Release|Any CPU
		{DE4A7CFC-51AA-4B98-9380-D04CA888A794}.Release|Any CPU.Build.0 = Release|Any CPU
		{D5DCDC65-5FF3-4CB8-ADAB-62A17E13A665}.Debug|Any CPU.ActiveCfg = Debug|Any CPU
		{D5DCDC65-5FF3-4CB8-ADAB-62A17E13A665}.Debug|Any CPU.Build.0 = Debug|Any CPU
		{D5DCDC65-5FF3-4CB8-ADAB-62A17E13A665}.Release|Any CPU.ActiveCfg = Release|Any CPU
		{D5DCDC65-5FF3-4CB8-ADAB-62A17E13A665}.Release|Any CPU.Build.0 = Release|Any CPU
	EndGlobalSection
	GlobalSection(SolutionProperties) = preSolution
		HideSolutionNode = FALSE
	EndGlobalSection
EndGlobal
